
Microsoft Visual Studio Solution File, Format Version 12.00
# Visual Studio Version 17
VisualStudioVersion = 17.3.32811.315
MinimumVisualStudioVersion = 10.0.40219.1
Project("{8BC9CEB8-8B4A-11D0-8D11-00A0C91BC942}") = "task_1", "task_1\task_1.vcxproj", "{2A6F2BB4-8D41-4385-947E-39B58418B7F2}"
EndProject
Project("{8BC9CEB8-8B4A-11D0-8D11-00A0C91BC942}") = "task_2", "task_2\task_2.vcxproj", "{AECB4EAB-2A4D-4F98-BCB5-A029239AD25E}"
EndProject
Project("{8BC9CEB8-8B4A-11D0-8D11-00A0C91BC942}") = "task_3", "task_3\task_3.vcxproj", "{0C56C3C8-FE33-42A3-8F2E-C6ED5F10B3E1}"
EndProject
Project("{8BC9CEB8-8B4A-11D0-8D11-00A0C91BC942}") = "task_4", "task_4\task_4.vcxproj", "{67875424-4CAA-4C8F-9088-B5C618D806CF}"
EndProject
Global
	GlobalSection(SolutionConfigurationPlatforms) = preSolution
		Debug|x64 = Debug|x64
		Debug|x86 = Debug|x86
		Release|x64 = Release|x64
		Release|x86 = Release|x86
	EndGlobalSection
	GlobalSection(ProjectConfigurationPlatforms) = postSolution
		{2A6F2BB4-8D41-4385-947E-39B58418B7F2}.Debug|x64.ActiveCfg = Debug|x64
		{2A6F2BB4-8D41-4385-947E-39B58418B7F2}.Debug|x64.Build.0 = Debug|x64
		{2A6F2BB4-8D41-4385-947E-39B58418B7F2}.Debug|x86.ActiveCfg = Debug|Win32
		{2A6F2BB4-8D41-4385-947E-39B58418B7F2}.Debug|x86.Build.0 = Debug|Win32
		{2A6F2BB4-8D41-4385-947E-39B58418B7F2}.Release|x64.ActiveCfg = Release|x64
		{2A6F2BB4-8D41-4385-947E-39B58418B7F2}.Release|x64.Build.0 = Release|x64
		{2A6F2BB4-8D41-4385-947E-39B58418B7F2}.Release|x86.ActiveCfg = Release|Win32
		{2A6F2BB4-8D41-4385-947E-39B58418B7F2}.Release|x86.Build.0 = Release|Win32
		{AECB4EAB-2A4D-4F98-BCB5-A029239AD25E}.Debug|x64.ActiveCfg = Debug|x64
		{AECB4EAB-2A4D-4F98-BCB5-A029239AD25E}.Debug|x64.Build.0 = Debug|x64
		{AECB4EAB-2A4D-4F98-BCB5-A029239AD25E}.Debug|x86.ActiveCfg = Debug|Win32
		{AECB4EAB-2A4D-4F98-BCB5-A029239AD25E}.Debug|x86.Build.0 = Debug|Win32
		{AECB4EAB-2A4D-4F98-BCB5-A029239AD25E}.Release|x64.ActiveCfg = Release|x64
		{AECB4EAB-2A4D-4F98-BCB5-A029239AD25E}.Release|x64.Build.0 = Release|x64
		{AECB4EAB-2A4D-4F98-BCB5-A029239AD25E}.Release|x86.ActiveCfg = Release|Win32
		{AECB4EAB-2A4D-4F98-BCB5-A029239AD25E}.Release|x86.Build.0 = Release|Win32
		{0C56C3C8-FE33-42A3-8F2E-C6ED5F10B3E1}.Debug|x64.ActiveCfg = Debug|x64
		{0C56C3C8-FE33-42A3-8F2E-C6ED5F10B3E1}.Debug|x64.Build.0 = Debug|x64
		{0C56C3C8-FE33-42A3-8F2E-C6ED5F10B3E1}.Debug|x86.ActiveCfg = Debug|Win32
		{0C56C3C8-FE33-42A3-8F2E-C6ED5F10B3E1}.Debug|x86.Build.0 = Debug|Win32
		{0C56C3C8-FE33-42A3-8F2E-C6ED5F10B3E1}.Release|x64.ActiveCfg = Release|x64
		{0C56C3C8-FE33-42A3-8F2E-C6ED5F10B3E1}.Release|x64.Build.0 = Release|x64
		{0C56C3C8-FE33-42A3-8F2E-C6ED5F10B3E1}.Release|x86.ActiveCfg = Release|Win32
		{0C56C3C8-FE33-42A3-8F2E-C6ED5F10B3E1}.Release|x86.Build.0 = Release|Win32
		{67875424-4CAA-4C8F-9088-B5C618D806CF}.Debug|x64.ActiveCfg = Debug|x64
		{67875424-4CAA-4C8F-9088-B5C618D806CF}.Debug|x64.Build.0 = Debug|x64
		{67875424-4CAA-4C8F-9088-B5C618D806CF}.Debug|x86.ActiveCfg = Debug|Win32
		{67875424-4CAA-4C8F-9088-B5C618D806CF}.Debug|x86.Build.0 = Debug|Win32
		{67875424-4CAA-4C8F-9088-B5C618D806CF}.Release|x64.ActiveCfg = Release|x64
		{67875424-4CAA-4C8F-9088-B5C618D806CF}.Release|x64.Build.0 = Release|x64
		{67875424-4CAA-4C8F-9088-B5C618D806CF}.Release|x86.ActiveCfg = Release|Win32
		{67875424-4CAA-4C8F-9088-B5C618D806CF}.Release|x86.Build.0 = Release|Win32
	EndGlobalSection
	GlobalSection(SolutionProperties) = preSolution
		HideSolutionNode = FALSE
	EndGlobalSection
	GlobalSection(ExtensibilityGlobals) = postSolution
		SolutionGuid = {3A82A6D3-7896-4532-B951-28B70ED60FF5}
	EndGlobalSection
EndGlobal
